
Microsoft Visual Studio Solution File, Format Version 12.00
# Visual Studio Version 17
VisualStudioVersion = 17.14.36221.1 d17.14
MinimumVisualStudioVersion = 10.0.40219.1
Project("{FAE04EC0-301F-11D3-BF4B-00C04F79EFBC}") = "GeneralGQIDataSourceFromDataAggregatorCSV", "GeneralGQIDataSourceFromDataAggregatorCSV\GeneralGQIDataSourceFromDataAggregatorCSV.csproj", "{7CD1ABA5-8DB0-43F6-82CB-326992CAD161}"
EndProject
Project("{2150E333-8FDC-42A3-9474-1A3956D46DE8}") = "Internal", "Internal", "{02EA681E-C7D8-13C7-8484-4AC65E1B71E8}"
EndProject
Project("{2150E333-8FDC-42A3-9474-1A3956D46DE8}") = "Code Analysis", "Code Analysis", "{C2F28856-54CB-4A8F-8A4C-3DCE65237CB6}"
	ProjectSection(SolutionItems) = preProject
		Internal\Code Analysis\qaction-debug.ruleset = Internal\Code Analysis\qaction-debug.ruleset
		Internal\Code Analysis\qaction-release.ruleset = Internal\Code Analysis\qaction-release.ruleset
		Internal\Code Analysis\stylecop.json = Internal\Code Analysis\stylecop.json
	EndProjectSection
EndProject
Global
	GlobalSection(SolutionConfigurationPlatforms) = preSolution
		Debug|Any CPU = Debug|Any CPU
		Release|Any CPU = Release|Any CPU
	EndGlobalSection
	GlobalSection(ProjectConfigurationPlatforms) = postSolution
		{7CD1ABA5-8DB0-43F6-82CB-326992CAD161}.Debug|Any CPU.ActiveCfg = Debug|Any CPU
		{7CD1ABA5-8DB0-43F6-82CB-326992CAD161}.Debug|Any CPU.Build.0 = Debug|Any CPU
		{7CD1ABA5-8DB0-43F6-82CB-326992CAD161}.Release|Any CPU.ActiveCfg = Release|Any CPU
		{7CD1ABA5-8DB0-43F6-82CB-326992CAD161}.Release|Any CPU.Build.0 = Release|Any CPU
	EndGlobalSection
	GlobalSection(SolutionProperties) = preSolution
		HideSolutionNode = FALSE
	EndGlobalSection
	GlobalSection(NestedProjects) = preSolution
		{C2F28856-54CB-4A8F-8A4C-3DCE65237CB6} = {02EA681E-C7D8-13C7-8484-4AC65E1B71E8}
	EndGlobalSection
	GlobalSection(ExtensibilityGlobals) = postSolution
		SolutionGuid = {073E984B-478D-49E3-B840-6B5E02DDEFB6}
	EndGlobalSection
EndGlobal
